// !$*UTF8*$!
{
	archiveVersion = 1;
	classes = {
	};
	objectVersion = 56;
	objects = {

/* Begin PBXBuildFile section */
		F719FAB22A46EC4D0011BB2C /* NoItemsView.swift in Sources */ = {isa = PBXBuildFile; fileRef = F719FAB12A46EC4D0011BB2C /* NoItemsView.swift */; };
		F7669E832A4840FC008091EA /* LaunchScreen.storyboard in Resources */ = {isa = PBXBuildFile; fileRef = F7669E822A4840FC008091EA /* LaunchScreen.storyboard */; };
		F7BEA8482A40BD8D007224CA /* itemsModel.swift in Sources */ = {isa = PBXBuildFile; fileRef = F7BEA8472A40BD8D007224CA /* itemsModel.swift */; };
		F7BF01C02A4395BA0045BE2F /* ListViewModel.swift in Sources */ = {isa = PBXBuildFile; fileRef = F7BF01BF2A4395BA0045BE2F /* ListViewModel.swift */; };
		F7E2A8052A3F7D4A00A021B0 /* todo_mvvm_appApp.swift in Sources */ = {isa = PBXBuildFile; fileRef = F7E2A8042A3F7D4A00A021B0 /* todo_mvvm_appApp.swift */; };
		F7E2A8092A3F7D4C00A021B0 /* Assets.xcassets in Resources */ = {isa = PBXBuildFile; fileRef = F7E2A8082A3F7D4C00A021B0 /* Assets.xcassets */; };
		F7E2A80C2A3F7D4C00A021B0 /* Preview Assets.xcassets in Resources */ = {isa = PBXBuildFile; fileRef = F7E2A80B2A3F7D4C00A021B0 /* Preview Assets.xcassets */; };
		F7E2A8162A3F7FC000A021B0 /* ListView.swift in Sources */ = {isa = PBXBuildFile; fileRef = F7E2A8152A3F7FC000A021B0 /* ListView.swift */; };
		F7E2A8182A3F832900A021B0 /* ListRowView.swift in Sources */ = {isa = PBXBuildFile; fileRef = F7E2A8172A3F832900A021B0 /* ListRowView.swift */; };
		F7E2A81A2A3F884E00A021B0 /* AddView.swift in Sources */ = {isa = PBXBuildFile; fileRef = F7E2A8192A3F884E00A021B0 /* AddView.swift */; };
/* End PBXBuildFile section */

/* Begin PBXFileReference section */
		F719FAB12A46EC4D0011BB2C /* NoItemsView.swift */ = {isa = PBXFileReference; lastKnownFileType = sourcecode.swift; path = NoItemsView.swift; sourceTree = "<group>"; };
		F7669E812A484089008091EA /* todo-mvvm-app-Info.plist */ = {isa = PBXFileReference; lastKnownFileType = text.plist; path = "todo-mvvm-app-Info.plist"; sourceTree = SOURCE_ROOT; };
		F7669E822A4840FC008091EA /* LaunchScreen.storyboard */ = {isa = PBXFileReference; lastKnownFileType = file.storyboard; path = LaunchScreen.storyboard; sourceTree = "<group>"; };
		F7BEA8472A40BD8D007224CA /* itemsModel.swift */ = {isa = PBXFileReference; lastKnownFileType = sourcecode.swift; path = itemsModel.swift; sourceTree = "<group>"; };
		F7BF01BF2A4395BA0045BE2F /* ListViewModel.swift */ = {isa = PBXFileReference; lastKnownFileType = sourcecode.swift; path = ListViewModel.swift; sourceTree = "<group>"; };
		F7E2A8012A3F7D4A00A021B0 /* todo mvvm app.app */ = {isa = PBXFileReference; explicitFileType = wrapper.application; includeInIndex = 0; path = "todo mvvm app.app"; sourceTree = BUILT_PRODUCTS_DIR; };
		F7E2A8042A3F7D4A00A021B0 /* todo_mvvm_appApp.swift */ = {isa = PBXFileReference; lastKnownFileType = sourcecode.swift; path = todo_mvvm_appApp.swift; sourceTree = "<group>"; };
		F7E2A8082A3F7D4C00A021B0 /* Assets.xcassets */ = {isa = PBXFileReference; lastKnownFileType = folder.assetcatalog; path = Assets.xcassets; sourceTree = "<group>"; };
		F7E2A80B2A3F7D4C00A021B0 /* Preview Assets.xcassets */ = {isa = PBXFileReference; lastKnownFileType = folder.assetcatalog; path = "Preview Assets.xcassets"; sourceTree = "<group>"; };
		F7E2A8152A3F7FC000A021B0 /* ListView.swift */ = {isa = PBXFileReference; lastKnownFileType = sourcecode.swift; path = ListView.swift; sourceTree = "<group>"; };
		F7E2A8172A3F832900A021B0 /* ListRowView.swift */ = {isa = PBXFileReference; lastKnownFileType = sourcecode.swift; path = ListRowView.swift; sourceTree = "<group>"; };
		F7E2A8192A3F884E00A021B0 /* AddView.swift */ = {isa = PBXFileReference; lastKnownFileType = sourcecode.swift; path = AddView.swift; sourceTree = "<group>"; };
/* End PBXFileReference section */

/* Begin PBXFrameworksBuildPhase section */
		F7E2A7FE2A3F7D4A00A021B0 /* Frameworks */ = {
			isa = PBXFrameworksBuildPhase;
			buildActionMask = 2147483647;
			files = (
			);
			runOnlyForDeploymentPostprocessing = 0;
		};
/* End PBXFrameworksBuildPhase section */

/* Begin PBXGroup section */
		F7BEA8462A40BD21007224CA /* Models */ = {
			isa = PBXGroup;
			children = (
				F7BEA8472A40BD8D007224CA /* itemsModel.swift */,
			);
			path = Models;
			sourceTree = "<group>";
		};
		F7BF01BE2A4395580045BE2F /* ViewModels */ = {
			isa = PBXGroup;
			children = (
				F7BF01BF2A4395BA0045BE2F /* ListViewModel.swift */,
			);
			path = ViewModels;
			sourceTree = "<group>";
		};
		F7E2A7F82A3F7D4A00A021B0 = {
			isa = PBXGroup;
			children = (
				F7E2A8032A3F7D4A00A021B0 /* todo mvvm app */,
				F7E2A8022A3F7D4A00A021B0 /* Products */,
			);
			sourceTree = "<group>";
		};
		F7E2A8022A3F7D4A00A021B0 /* Products */ = {
			isa = PBXGroup;
			children = (
				F7E2A8012A3F7D4A00A021B0 /* todo mvvm app.app */,
			);
			name = Products;
			sourceTree = "<group>";
		};
		F7E2A8032A3F7D4A00A021B0 /* todo mvvm app */ = {
			isa = PBXGroup;
			children = (
				F7669E812A484089008091EA /* todo-mvvm-app-Info.plist */,
				F7BEA8462A40BD21007224CA /* Models */,
				F7BF01BE2A4395580045BE2F /* ViewModels */,
				F7E2A8142A3F7F8000A021B0 /* Views */,
				F7E2A8042A3F7D4A00A021B0 /* todo_mvvm_appApp.swift */,
				F7E2A8082A3F7D4C00A021B0 /* Assets.xcassets */,
				F7E2A80A2A3F7D4C00A021B0 /* Preview Content */,
			);
			path = "todo mvvm app";
			sourceTree = "<group>";
		};
		F7E2A80A2A3F7D4C00A021B0 /* Preview Content */ = {
			isa = PBXGroup;
			children = (
				F7E2A80B2A3F7D4C00A021B0 /* Preview Assets.xcassets */,
			);
			path = "Preview Content";
			sourceTree = "<group>";
		};
		F7E2A8142A3F7F8000A021B0 /* Views */ = {
			isa = PBXGroup;
			children = (
				F7E2A8152A3F7FC000A021B0 /* ListView.swift */,
				F7E2A8172A3F832900A021B0 /* ListRowView.swift */,
				F7E2A8192A3F884E00A021B0 /* AddView.swift */,
				F719FAB12A46EC4D0011BB2C /* NoItemsView.swift */,
				F7669E822A4840FC008091EA /* LaunchScreen.storyboard */,
			);
			path = Views;
			sourceTree = "<group>";
		};
/* End PBXGroup section */

/* Begin PBXNativeTarget section */
		F7E2A8002A3F7D4A00A021B0 /* todo mvvm app */ = {
			isa = PBXNativeTarget;
			buildConfigurationList = F7E2A80F2A3F7D4C00A021B0 /* Build configuration list for PBXNativeTarget "todo mvvm app" */;
			buildPhases = (
				F7E2A7FD2A3F7D4A00A021B0 /* Sources */,
				F7E2A7FE2A3F7D4A00A021B0 /* Frameworks */,
				F7E2A7FF2A3F7D4A00A021B0 /* Resources */,
			);
			buildRules = (
			);
			dependencies = (
			);
			name = "todo mvvm app";
			productName = "todo mvvm app";
			productReference = F7E2A8012A3F7D4A00A021B0 /* todo mvvm app.app */;
			productType = "com.apple.product-type.application";
		};
/* End PBXNativeTarget section */

/* Begin PBXProject section */
		F7E2A7F92A3F7D4A00A021B0 /* Project object */ = {
			isa = PBXProject;
			attributes = {
				BuildIndependentTargetsInParallel = 1;
				LastSwiftUpdateCheck = 1430;
				LastUpgradeCheck = 1430;
				TargetAttributes = {
					F7E2A8002A3F7D4A00A021B0 = {
						CreatedOnToolsVersion = 14.3;
					};
				};
			};
			buildConfigurationList = F7E2A7FC2A3F7D4A00A021B0 /* Build configuration list for PBXProject "todo mvvm app" */;
			compatibilityVersion = "Xcode 14.0";
			developmentRegion = en;
			hasScannedForEncodings = 0;
			knownRegions = (
				en,
				Base,
			);
			mainGroup = F7E2A7F82A3F7D4A00A021B0;
			productRefGroup = F7E2A8022A3F7D4A00A021B0 /* Products */;
			projectDirPath = "";
			projectRoot = "";
			targets = (
				F7E2A8002A3F7D4A00A021B0 /* todo mvvm app */,
			);
		};
/* End PBXProject section */

/* Begin PBXResourcesBuildPhase section */
		F7E2A7FF2A3F7D4A00A021B0 /* Resources */ = {
			isa = PBXResourcesBuildPhase;
			buildActionMask = 2147483647;
			files = (
				F7669E832A4840FC008091EA /* LaunchScreen.storyboard in Resources */,
				F7E2A80C2A3F7D4C00A021B0 /* Preview Assets.xcassets in Resources */,
				F7E2A8092A3F7D4C00A021B0 /* Assets.xcassets in Resources */,
			);
			runOnlyForDeploymentPostprocessing = 0;
		};
/* End PBXResourcesBuildPhase section */

/* Begin PBXSourcesBuildPhase section */
		F7E2A7FD2A3F7D4A00A021B0 /* Sources */ = {
			isa = PBXSourcesBuildPhase;
			buildActionMask = 2147483647;
			files = (
				F7E2A81A2A3F884E00A021B0 /* AddView.swift in Sources */,
				F7E2A8052A3F7D4A00A021B0 /* todo_mvvm_appApp.swift in Sources */,
				F7BF01C02A4395BA0045BE2F /* ListViewModel.swift in Sources */,
				F7E2A8162A3F7FC000A021B0 /* ListView.swift in Sources */,
				F7BEA8482A40BD8D007224CA /* itemsModel.swift in Sources */,
				F719FAB22A46EC4D0011BB2C /* NoItemsView.swift in Sources */,
				F7E2A8182A3F832900A021B0 /* ListRowView.swift in Sources */,
			);
			runOnlyForDeploymentPostprocessing = 0;
		};
/* End PBXSourcesBuildPhase section */

/* Begin XCBuildConfiguration section */
		F7E2A80D2A3F7D4C00A021B0 /* Debug */ = {
			isa = XCBuildConfiguration;
			buildSettings = {
				ALWAYS_SEARCH_USER_PATHS = NO;
				CLANG_ANALYZER_NONNULL = YES;
				CLANG_ANALYZER_NUMBER_OBJECT_CONVERSION = YES_AGGRESSIVE;
				CLANG_CXX_LANGUAGE_STANDARD = "gnu++20";
				CLANG_ENABLE_MODULES = YES;
				CLANG_ENABLE_OBJC_ARC = YES;
				CLANG_ENABLE_OBJC_WEAK = YES;
				CLANG_WARN_BLOCK_CAPTURE_AUTORELEASING = YES;
				CLANG_WARN_BOOL_CONVERSION = YES;
				CLANG_WARN_COMMA = YES;
				CLANG_WARN_CONSTANT_CONVERSION = YES;
				CLANG_WARN_DEPRECATED_OBJC_IMPLEMENTATIONS = YES;
				CLANG_WARN_DIRECT_OBJC_ISA_USAGE = YES_ERROR;
				CLANG_WARN_DOCUMENTATION_COMMENTS = YES;
				CLANG_WARN_EMPTY_BODY = YES;
				CLANG_WARN_ENUM_CONVERSION = YES;
				CLANG_WARN_INFINITE_RECURSION = YES;
				CLANG_WARN_INT_CONVERSION = YES;
				CLANG_WARN_NON_LITERAL_NULL_CONVERSION = YES;
				CLANG_WARN_OBJC_IMPLICIT_RETAIN_SELF = YES;
				CLANG_WARN_OBJC_LITERAL_CONVERSION = YES;
				CLANG_WARN_OBJC_ROOT_CLASS = YES_ERROR;
				CLANG_WARN_QUOTED_INCLUDE_IN_FRAMEWORK_HEADER = YES;
				CLANG_WARN_RANGE_LOOP_ANALYSIS = YES;
				CLANG_WARN_STRICT_PROTOTYPES = YES;
				CLANG_WARN_SUSPICIOUS_MOVE = YES;
				CLANG_WARN_UNGUARDED_AVAILABILITY = YES_AGGRESSIVE;
				CLANG_WARN_UNREACHABLE_CODE = YES;
				CLANG_WARN__DUPLICATE_METHOD_MATCH = YES;
				COPY_PHASE_STRIP = NO;
				DEBUG_INFORMATION_FORMAT = dwarf;
				ENABLE_STRICT_OBJC_MSGSEND = YES;
				ENABLE_TESTABILITY = YES;
				GCC_C_LANGUAGE_STANDARD = gnu11;
				GCC_DYNAMIC_NO_PIC = NO;
				GCC_NO_COMMON_BLOCKS = YES;
				GCC_OPTIMIZATION_LEVEL = 0;
				GCC_PREPROCESSOR_DEFINITIONS = (
					"DEBUG=1",
					"$(inherited)",
				);
				GCC_WARN_64_TO_32_BIT_CONVERSION = YES;
				GCC_WARN_ABOUT_RETURN_TYPE = YES_ERROR;
				GCC_WARN_UNDECLARED_SELECTOR = YES;
				GCC_WARN_UNINITIALIZED_AUTOS = YES_AGGRESSIVE;
				GCC_WARN_UNUSED_FUNCTION = YES;
				GCC_WARN_UNUSED_VARIABLE = YES;
				IPHONEOS_DEPLOYMENT_TARGET = 11.0;
				MTL_ENABLE_DEBUG_INFO = INCLUDE_SOURCE;
				MTL_FAST_MATH = YES;
				ONLY_ACTIVE_ARCH = YES;
				SDKROOT = iphoneos;
				SWIFT_ACTIVE_COMPILATION_CONDITIONS = DEBUG;
				SWIFT_OPTIMIZATION_LEVEL = "-Onone";
			};
			name = Debug;
		};
		F7E2A80E2A3F7D4C00A021B0 /* Release */ = {
			isa = XCBuildConfiguration;
			buildSettings = {
				ALWAYS_SEARCH_USER_PATHS = NO;
				CLANG_ANALYZER_NONNULL = YES;
				CLANG_ANALYZER_NUMBER_OBJECT_CONVERSION = YES_AGGRESSIVE;
				CLANG_CXX_LANGUAGE_STANDARD = "gnu++20";
				CLANG_ENABLE_MODULES = YES;
				CLANG_ENABLE_OBJC_ARC = YES;
				CLANG_ENABLE_OBJC_WEAK = YES;
				CLANG_WARN_BLOCK_CAPTURE_AUTORELEASING = YES;
				CLANG_WARN_BOOL_CONVERSION = YES;
				CLANG_WARN_COMMA = YES;
				CLANG_WARN_CONSTANT_CONVERSION = YES;
				CLANG_WARN_DEPRECATED_OBJC_IMPLEMENTATIONS = YES;
				CLANG_WARN_DIRECT_OBJC_ISA_USAGE = YES_ERROR;
				CLANG_WARN_DOCUMENTATION_COMMENTS = YES;
				CLANG_WARN_EMPTY_BODY = YES;
				CLANG_WARN_ENUM_CONVERSION = YES;
				CLANG_WARN_INFINITE_RECURSION = YES;
				CLANG_WARN_INT_CONVERSION = YES;
				CLANG_WARN_NON_LITERAL_NULL_CONVERSION = YES;
				CLANG_WARN_OBJC_IMPLICIT_RETAIN_SELF = YES;
				CLANG_WARN_OBJC_LITERAL_CONVERSION = YES;
				CLANG_WARN_OBJC_ROOT_CLASS = YES_ERROR;
				CLANG_WARN_QUOTED_INCLUDE_IN_FRAMEWORK_HEADER = YES;
				CLANG_WARN_RANGE_LOOP_ANALYSIS = YES;
				CLANG_WARN_STRICT_PROTOTYPES = YES;
				CLANG_WARN_SUSPICIOUS_MOVE = YES;
				CLANG_WARN_UNGUARDED_AVAILABILITY = YES_AGGRESSIVE;
				CLANG_WARN_UNREACHABLE_CODE = YES;
				CLANG_WARN__DUPLICATE_METHOD_MATCH = YES;
				COPY_PHASE_STRIP = NO;
				DEBUG_INFORMATION_FORMAT = "dwarf-with-dsym";
				ENABLE_NS_ASSERTIONS = NO;
				ENABLE_STRICT_OBJC_MSGSEND = YES;
				GCC_C_LANGUAGE_STANDARD = gnu11;
				GCC_NO_COMMON_BLOCKS = YES;
				GCC_WARN_64_TO_32_BIT_CONVERSION = YES;
				GCC_WARN_ABOUT_RETURN_TYPE = YES_ERROR;
				GCC_WARN_UNDECLARED_SELECTOR = YES;
				GCC_WARN_UNINITIALIZED_AUTOS = YES_AGGRESSIVE;
				GCC_WARN_UNUSED_FUNCTION = YES;
				GCC_WARN_UNUSED_VARIABLE = YES;
				IPHONEOS_DEPLOYMENT_TARGET = 11.0;
				MTL_ENABLE_DEBUG_INFO = NO;
				MTL_FAST_MATH = YES;
				SDKROOT = iphoneos;
				SWIFT_COMPILATION_MODE = wholemodule;
				SWIFT_OPTIMIZATION_LEVEL = "-O";
				VALIDATE_PRODUCT = YES;
			};
			name = Release;
		};
		F7E2A8102A3F7D4C00A021B0 /* Debug */ = {
			isa = XCBuildConfiguration;
			buildSettings = {
				ASSETCATALOG_COMPILER_APPICON_NAME = AppIcon;
				ASSETCATALOG_COMPILER_GLOBAL_ACCENT_COLOR_NAME = AccentColor;
				CODE_SIGN_STYLE = Automatic;
				CURRENT_PROJECT_VERSION = 1;
				DEVELOPMENT_ASSET_PATHS = "\"todo mvvm app/Preview Content\"";
				ENABLE_PREVIEWS = YES;
				GENERATE_INFOPLIST_FILE = YES;
				INFOPLIST_FILE = "todo-mvvm-app-Info.plist";
				INFOPLIST_KEY_CFBundleDisplayName = "Todo Master";
				INFOPLIST_KEY_LSApplicationCategoryType = "";
				INFOPLIST_KEY_UIApplicationSceneManifest_Generation = YES;
				INFOPLIST_KEY_UIApplicationSupportsIndirectInputEvents = YES;
				INFOPLIST_KEY_UILaunchStoryboardName = LaunchScreen.storyboard;
				INFOPLIST_KEY_UISupportedInterfaceOrientations_iPad = "UIInterfaceOrientationPortrait UIInterfaceOrientationPortraitUpsideDown UIInterfaceOrientationLandscapeLeft UIInterfaceOrientationLandscapeRight";
				INFOPLIST_KEY_UISupportedInterfaceOrientations_iPhone = "UIInterfaceOrientationPortrait UIInterfaceOrientationLandscapeLeft UIInterfaceOrientationLandscapeRight";
				IPHONEOS_DEPLOYMENT_TARGET = 14.0;
				LD_RUNPATH_SEARCH_PATHS = (
					"$(inherited)",
					"@executable_path/Frameworks",
				);
				MARKETING_VERSION = 1.0;
				PRODUCT_BUNDLE_IDENTIFIER = "com.est.todo-mvvm-app";
				PRODUCT_NAME = "$(TARGET_NAME)";
				SWIFT_EMIT_LOC_STRINGS = YES;
				SWIFT_VERSION = 5.0;
				TARGETED_DEVICE_FAMILY = "1,2";
			};
			name = Debug;
		};
		F7E2A8112A3F7D4C00A021B0 /* Release */ = {
			isa = XCBuildConfiguration;
			buildSettings = {
				ASSETCATALOG_COMPILER_APPICON_NAME = AppIcon;
				ASSETCATALOG_COMPILER_GLOBAL_ACCENT_COLOR_NAME = AccentColor;
				CODE_SIGN_STYLE = Automatic;
				CURRENT_PROJECT_VERSION = 1;
				DEVELOPMENT_ASSET_PATHS = "\"todo mvvm app/Preview Content\"";
				ENABLE_PREVIEWS = YES;
				GENERATE_INFOPLIST_FILE = YES;
				INFOPLIST_FILE = "todo-mvvm-app-Info.plist";
				INFOPLIST_KEY_CFBundleDisplayName = "Todo Master";
				INFOPLIST_KEY_LSApplicationCategoryType = "";
				INFOPLIST_KEY_UIApplicationSceneManifest_Generation = YES;
				INFOPLIST_KEY_UIApplicationSupportsIndirectInputEvents = YES;
				INFOPLIST_KEY_UILaunchStoryboardName = LaunchScreen.storyboard;
				INFOPLIST_KEY_UISupportedInterfaceOrientations_iPad = "UIInterfaceOrientationPortrait UIInterfaceOrientationPortraitUpsideDown UIInterfaceOrientationLandscapeLeft UIInterfaceOrientationLandscapeRight";
				INFOPLIST_KEY_UISupportedInterfaceOrientations_iPhone = "UIInterfaceOrientationPortrait UIInterfaceOrientationLandscapeLeft UIInterfaceOrientationLandscapeRight";
				IPHONEOS_DEPLOYMENT_TARGET = 14.0;
				LD_RUNPATH_SEARCH_PATHS = (
					"$(inherited)",
					"@executable_path/Frameworks",
				);
				MARKETING_VERSION = 1.0;
				PRODUCT_BUNDLE_IDENTIFIER = "com.est.todo-mvvm-app";
				PRODUCT_NAME = "$(TARGET_NAME)";
				SWIFT_EMIT_LOC_STRINGS = YES;
				SWIFT_VERSION = 5.0;
				TARGETED_DEVICE_FAMILY = "1,2";
			};
			name = Release;
		};
/* End XCBuildConfiguration section */

/* Begin XCConfigurationList section */
		F7E2A7FC2A3F7D4A00A021B0 /* Build configuration list for PBXProject "todo mvvm app" */ = {
			isa = XCConfigurationList;
			buildConfigurations = (
				F7E2A80D2A3F7D4C00A021B0 /* Debug */,
				F7E2A80E2A3F7D4C00A021B0 /* Release */,
			);
			defaultConfigurationIsVisible = 0;
			defaultConfigurationName = Release;
		};
		F7E2A80F2A3F7D4C00A021B0 /* Build configuration list for PBXNativeTarget "todo mvvm app" */ = {
			isa = XCConfigurationList;
			buildConfigurations = (
				F7E2A8102A3F7D4C00A021B0 /* Debug */,
				F7E2A8112A3F7D4C00A021B0 /* Release */,
			);
			defaultConfigurationIsVisible = 0;
			defaultConfigurationName = Release;
		};
/* End XCConfigurationList section */
	};
	rootObject = F7E2A7F92A3F7D4A00A021B0 /* Project object */;
}
